# This file is autogenerated, do not edit; changes may be undone by the next 'dep ensure'.


[[projects]]
  branch = "master"
  name = "github.com/btcsuite/btcutil"
  packages = ["bech32"]
  revision = "d4cc87b860166d00d6b5b9e0d3b3d71d6088d4d4"

[[projects]]
  branch = "master"
  name = "github.com/dpapathanasiou/go-recaptcha"
  packages = ["."]
  revision = "0e9736be20f9b0ca229b8f5eaf8305858a160994"

[[projects]]
  name = "github.com/joho/godotenv"
  packages = ["."]
  revision = "a79fa1e548e2c689c241d10173efd51e5d689d5b"
  version = "v1.2.0"

[[projects]]
  branch = "develop"
  name = "github.com/tendermint/tmlibs"
  packages = ["bech32"]
  revision = "640af0205d98d1f45fb2f912f9c35c8bf816adc9"

[[projects]]
  branch = "master"
  name = "github.com/tomasen/realip"
  packages = ["."]
  revision = "f0c99a92ddcedd3964a269d23c8e89d9a9229be6"

[solve-meta]
  analyzer-name = "dep"
  analyzer-version = 1
  inputs-digest = "bc08e3bd4a38ebde54ed7bee86bdbe8bb6763f1a7739ef721ac5d580fb30da0a"
  solver-name = "gps-cdcl"
  solver-version = 1
